
Microsoft Visual Studio Solution File, Format Version 12.00
# Visual Studio 15
VisualStudioVersion = 15.0.27004.2005
MinimumVisualStudioVersion = 10.0.40219.1
Project("{FAE04EC0-301F-11D3-BF4B-00C04F79EFBC}") = "Application", "Application\Application.csproj", "{B2604730-3A5C-4A08-A19D-AE5DAAC9A02A}"
EndProject
Project("{FAE04EC0-301F-11D3-BF4B-00C04F79EFBC}") = "Application.Core", "Application.Core\Application.Core.csproj", "{2DA7B075-1173-449A-89C0-EE3F90CE6E42}"
EndProject
Project("{2150E333-8FDC-42A3-9474-1A3956D46DE8}") = "Tests", "Tests", "{4169777E-39A0-4041-919C-19F093E7A142}"
EndProject
Project("{9A19103F-16F7-4668-BE54-9A1E7A4F7556}") = "Tests.Application.Core", "Tests.Application.Core\Tests.Application.Core.csproj", "{912F13FC-C5E2-4B20-AD14-19DAFCA8D801}"
EndProject
Global
	GlobalSection(SolutionConfigurationPlatforms) = preSolution
		Debug|Any CPU = Debug|Any CPU
		Release|Any CPU = Release|Any CPU
	EndGlobalSection
	GlobalSection(ProjectConfigurationPlatforms) = postSolution
		{B2604730-3A5C-4A08-A19D-AE5DAAC9A02A}.Debug|Any CPU.ActiveCfg = Debug|Any CPU
		{B2604730-3A5C-4A08-A19D-AE5DAAC9A02A}.Debug|Any CPU.Build.0 = Debug|Any CPU
		{B2604730-3A5C-4A08-A19D-AE5DAAC9A02A}.Release|Any CPU.ActiveCfg = Release|Any CPU
		{B2604730-3A5C-4A08-A19D-AE5DAAC9A02A}.Release|Any CPU.Build.0 = Release|Any CPU
		{2DA7B075-1173-449A-89C0-EE3F90CE6E42}.Debug|Any CPU.ActiveCfg = Debug|Any CPU
		{2DA7B075-1173-449A-89C0-EE3F90CE6E42}.Debug|Any CPU.Build.0 = Debug|Any CPU
		{2DA7B075-1173-449A-89C0-EE3F90CE6E42}.Release|Any CPU.ActiveCfg = Release|Any CPU
		{2DA7B075-1173-449A-89C0-EE3F90CE6E42}.Release|Any CPU.Build.0 = Release|Any CPU
		{912F13FC-C5E2-4B20-AD14-19DAFCA8D801}.Debug|Any CPU.ActiveCfg = Debug|Any CPU
		{912F13FC-C5E2-4B20-AD14-19DAFCA8D801}.Debug|Any CPU.Build.0 = Debug|Any CPU
		{912F13FC-C5E2-4B20-AD14-19DAFCA8D801}.Release|Any CPU.ActiveCfg = Release|Any CPU
		{912F13FC-C5E2-4B20-AD14-19DAFCA8D801}.Release|Any CPU.Build.0 = Release|Any CPU
	EndGlobalSection
	GlobalSection(SolutionProperties) = preSolution
		HideSolutionNode = FALSE
	EndGlobalSection
	GlobalSection(NestedProjects) = preSolution
		{912F13FC-C5E2-4B20-AD14-19DAFCA8D801} = {4169777E-39A0-4041-919C-19F093E7A142}
	EndGlobalSection
	GlobalSection(ExtensibilityGlobals) = postSolution
		SolutionGuid = {BBFA3675-E515-4C2B-BA4A-2FD813320FD6}
	EndGlobalSection
EndGlobal
