
Microsoft Visual Studio Solution File, Format Version 12.00
# Visual Studio 15
VisualStudioVersion = 15.0.27004.2005
MinimumVisualStudioVersion = 10.0.40219.1
Project("{FAE04EC0-301F-11D3-BF4B-00C04F79EFBC}") = "Application", "Application\Application.csproj", "{B2604730-3A5C-4A08-A19D-AE5DAAC9A02A}"
EndProject
Global
	GlobalSection(SolutionConfigurationPlatforms) = preSolution
		Debug|Any CPU = Debug|Any CPU
		Release|Any CPU = Release|Any CPU
	EndGlobalSection
	GlobalSection(ProjectConfigurationPlatforms) = postSolution
		{B2604730-3A5C-4A08-A19D-AE5DAAC9A02A}.Debug|Any CPU.ActiveCfg = Debug|Any CPU
		{B2604730-3A5C-4A08-A19D-AE5DAAC9A02A}.Debug|Any CPU.Build.0 = Debug|Any CPU
		{B2604730-3A5C-4A08-A19D-AE5DAAC9A02A}.Release|Any CPU.ActiveCfg = Release|Any CPU
		{B2604730-3A5C-4A08-A19D-AE5DAAC9A02A}.Release|Any CPU.Build.0 = Release|Any CPU
	EndGlobalSection
	GlobalSection(SolutionProperties) = preSolution
		HideSolutionNode = FALSE
	EndGlobalSection
	GlobalSection(ExtensibilityGlobals) = postSolution
		SolutionGuid = {BBFA3675-E515-4C2B-BA4A-2FD813320FD6}
	EndGlobalSection
EndGlobal
